
Microsoft Visual Studio Solution File, Format Version 12.00
# Visual Studio Version 17
VisualStudioVersion = 17.11.35208.52
MinimumVisualStudioVersion = 10.0.40219.1
Project("{FAE04EC0-301F-11D3-BF4B-00C04F79EFBC}") = "WinFormStyle", "WinFormStyle\WinFormStyle.csproj", "{4914B07B-99CB-4349-91B2-6F886D5FD879}"
EndProject
Project("{FAE04EC0-301F-11D3-BF4B-00C04F79EFBC}") = "WPFStyle", "WPFStyle\WPFStyle.csproj", "{8B41A36E-7E36-4443-B797-595F1B7BBCD9}"
EndProject
Global
	GlobalSection(SolutionConfigurationPlatforms) = preSolution
		Debug|Any CPU = Debug|Any CPU
		Release|Any CPU = Release|Any CPU
	EndGlobalSection
	GlobalSection(ProjectConfigurationPlatforms) = postSolution
		{4914B07B-99CB-4349-91B2-6F886D5FD879}.Debug|Any CPU.ActiveCfg = Debug|Any CPU
		{4914B07B-99CB-4349-91B2-6F886D5FD879}.Debug|Any CPU.Build.0 = Debug|Any CPU
		{4914B07B-99CB-4349-91B2-6F886D5FD879}.Release|Any CPU.ActiveCfg = Release|Any CPU
		{4914B07B-99CB-4349-91B2-6F886D5FD879}.Release|Any CPU.Build.0 = Release|Any CPU
		{8B41A36E-7E36-4443-B797-595F1B7BBCD9}.Debug|Any CPU.ActiveCfg = Debug|Any CPU
		{8B41A36E-7E36-4443-B797-595F1B7BBCD9}.Debug|Any CPU.Build.0 = Debug|Any CPU
		{8B41A36E-7E36-4443-B797-595F1B7BBCD9}.Release|Any CPU.ActiveCfg = Release|Any CPU
		{8B41A36E-7E36-4443-B797-595F1B7BBCD9}.Release|Any CPU.Build.0 = Release|Any CPU
	EndGlobalSection
	GlobalSection(SolutionProperties) = preSolution
		HideSolutionNode = FALSE
	EndGlobalSection
	GlobalSection(ExtensibilityGlobals) = postSolution
		SolutionGuid = {A1E108A8-4FC9-426D-B4CE-979330526AA2}
	EndGlobalSection
EndGlobal
