
Microsoft Visual Studio Solution File, Format Version 12.00
# Visual Studio Version 17
VisualStudioVersion = 17.11.35208.52
MinimumVisualStudioVersion = 10.0.40219.1
Project("{FAE04EC0-301F-11D3-BF4B-00C04F79EFBC}") = "MvvmWpf", "MvvmWpf\MvvmWpf.csproj", "{7E56908F-B23D-463F-9981-4A75529EADBD}"
EndProject
Project("{FAE04EC0-301F-11D3-BF4B-00C04F79EFBC}") = "MvvmWinForms", "MvvmWinForms\MvvmWinForms.csproj", "{AA48AB2D-D3C7-4943-AAFA-6542E980D5D8}"
EndProject
Global
	GlobalSection(SolutionConfigurationPlatforms) = preSolution
		Debug|Any CPU = Debug|Any CPU
		Release|Any CPU = Release|Any CPU
	EndGlobalSection
	GlobalSection(ProjectConfigurationPlatforms) = postSolution
		{7E56908F-B23D-463F-9981-4A75529EADBD}.Debug|Any CPU.ActiveCfg = Debug|Any CPU
		{7E56908F-B23D-463F-9981-4A75529EADBD}.Debug|Any CPU.Build.0 = Debug|Any CPU
		{7E56908F-B23D-463F-9981-4A75529EADBD}.Release|Any CPU.ActiveCfg = Release|Any CPU
		{7E56908F-B23D-463F-9981-4A75529EADBD}.Release|Any CPU.Build.0 = Release|Any CPU
		{AA48AB2D-D3C7-4943-AAFA-6542E980D5D8}.Debug|Any CPU.ActiveCfg = Debug|Any CPU
		{AA48AB2D-D3C7-4943-AAFA-6542E980D5D8}.Debug|Any CPU.Build.0 = Debug|Any CPU
		{AA48AB2D-D3C7-4943-AAFA-6542E980D5D8}.Release|Any CPU.ActiveCfg = Release|Any CPU
		{AA48AB2D-D3C7-4943-AAFA-6542E980D5D8}.Release|Any CPU.Build.0 = Release|Any CPU
	EndGlobalSection
	GlobalSection(SolutionProperties) = preSolution
		HideSolutionNode = FALSE
	EndGlobalSection
	GlobalSection(ExtensibilityGlobals) = postSolution
		SolutionGuid = {7BB53F43-4AB2-4DED-8EB9-BB49C949EC41}
	EndGlobalSection
EndGlobal
