
Microsoft Visual Studio Solution File, Format Version 12.00
# Visual Studio Version 17
VisualStudioVersion = 17.11.35208.52
MinimumVisualStudioVersion = 10.0.40219.1
Project("{FAE04EC0-301F-11D3-BF4B-00C04F79EFBC}") = "SimpleWinForm", "SimpleWinForm\SimpleWinForm.csproj", "{4EFFDBB3-CC35-4238-BEE9-588E4CC3FF3B}"
EndProject
Project("{FAE04EC0-301F-11D3-BF4B-00C04F79EFBC}") = "SimpleWPF", "SimpleWPF\SimpleWPF.csproj", "{BB5365A6-0AF4-423E-A247-B4A43E562209}"
EndProject
Global
	GlobalSection(SolutionConfigurationPlatforms) = preSolution
		Debug|Any CPU = Debug|Any CPU
		Release|Any CPU = Release|Any CPU
	EndGlobalSection
	GlobalSection(ProjectConfigurationPlatforms) = postSolution
		{4EFFDBB3-CC35-4238-BEE9-588E4CC3FF3B}.Debug|Any CPU.ActiveCfg = Debug|Any CPU
		{4EFFDBB3-CC35-4238-BEE9-588E4CC3FF3B}.Debug|Any CPU.Build.0 = Debug|Any CPU
		{4EFFDBB3-CC35-4238-BEE9-588E4CC3FF3B}.Release|Any CPU.ActiveCfg = Release|Any CPU
		{4EFFDBB3-CC35-4238-BEE9-588E4CC3FF3B}.Release|Any CPU.Build.0 = Release|Any CPU
		{BB5365A6-0AF4-423E-A247-B4A43E562209}.Debug|Any CPU.ActiveCfg = Debug|Any CPU
		{BB5365A6-0AF4-423E-A247-B4A43E562209}.Debug|Any CPU.Build.0 = Debug|Any CPU
		{BB5365A6-0AF4-423E-A247-B4A43E562209}.Release|Any CPU.ActiveCfg = Release|Any CPU
		{BB5365A6-0AF4-423E-A247-B4A43E562209}.Release|Any CPU.Build.0 = Release|Any CPU
	EndGlobalSection
	GlobalSection(SolutionProperties) = preSolution
		HideSolutionNode = FALSE
	EndGlobalSection
	GlobalSection(ExtensibilityGlobals) = postSolution
		SolutionGuid = {E1A2DC45-E0A4-46D2-9D60-F82F5F4BB773}
	EndGlobalSection
EndGlobal
